
Microsoft Visual Studio Solution File, Format Version 12.00
# Visual Studio 15
VisualStudioVersion = 15.0.28307.106
MinimumVisualStudioVersion = 10.0.40219.1
Project("{FAE04EC0-301F-11D3-BF4B-00C04F79EFBC}") = "Mill", "Mill\Mill.csproj", "{71770075-834B-4A84-B69B-913E89C182B6}"
EndProject
Project("{FAE04EC0-301F-11D3-BF4B-00C04F79EFBC}") = "Webapi", "Webapi\Webapi.csproj", "{B7CAC024-A5A0-4469-8856-4295D94BBBBA}"
EndProject
Global
	GlobalSection(SolutionConfigurationPlatforms) = preSolution
		Debug|Any CPU = Debug|Any CPU
		Release|Any CPU = Release|Any CPU
	EndGlobalSection
	GlobalSection(ProjectConfigurationPlatforms) = postSolution
		{71770075-834B-4A84-B69B-913E89C182B6}.Debug|Any CPU.ActiveCfg = Debug|Any CPU
		{71770075-834B-4A84-B69B-913E89C182B6}.Debug|Any CPU.Build.0 = Debug|Any CPU
		{71770075-834B-4A84-B69B-913E89C182B6}.Release|Any CPU.ActiveCfg = Release|Any CPU
		{71770075-834B-4A84-B69B-913E89C182B6}.Release|Any CPU.Build.0 = Release|Any CPU
		{B7CAC024-A5A0-4469-8856-4295D94BBBBA}.Debug|Any CPU.ActiveCfg = Debug|Any CPU
		{B7CAC024-A5A0-4469-8856-4295D94BBBBA}.Debug|Any CPU.Build.0 = Debug|Any CPU
		{B7CAC024-A5A0-4469-8856-4295D94BBBBA}.Release|Any CPU.ActiveCfg = Release|Any CPU
		{B7CAC024-A5A0-4469-8856-4295D94BBBBA}.Release|Any CPU.Build.0 = Release|Any CPU
	EndGlobalSection
	GlobalSection(SolutionProperties) = preSolution
		HideSolutionNode = FALSE
	EndGlobalSection
	GlobalSection(ExtensibilityGlobals) = postSolution
		SolutionGuid = {BF3C751A-B593-4CFE-8FAC-6D90F396BB67}
	EndGlobalSection
EndGlobal
